{
    "_readme": [
        "This file locks the dependencies of your project to a known state",
        "Read more about it at https://getcomposer.org/doc/01-basic-usage.md#composer-lock-the-lock-file",
        "This file is @generated automatically"
    ],
    "hash": "18bff0f6c68a699a2f399a9854ec76c1",
    "content-hash": "175dcf3a74e684a9a6a7a08650dfb0ce",
    "packages": [
        {
            "name": "alfallouji/dhl_api",
            "version": "0.2.10",
            "source": {
                "type": "git",
                "url": "https://github.com/alfallouji/DHL-API.git",
                "reference": "95640787e1891e588e4c10de9d571bbdf96df945"
            },
            "dist": {
                "type": "zip",
                "url": "https://api.github.com/repos/alfallouji/DHL-API/zipball/95640787e1891e588e4c10de9d571bbdf96df945",
                "reference": "95640787e1891e588e4c10de9d571bbdf96df945",
                "shasum": ""
            },
            "require": {
                "php": ">=5.3.0"
            },
            "type": "library",
            "autoload": {
                "classmap": [
                    "DHL"
                ]
            },
            "notification-url": "https://packagist.org/downloads/",
            "license": [
                "LGPL-2.1"
            ],
            "authors": [
                {
                    "name": "Bashar Al-Fallouji",
                    "email": "bashar@alfallouji.com"
                }
            ],
            "description": "PHP library to communicate with the DHL XML Services.",
            "time": "2017-01-06 10:25:58"
        },
        {
            "name": "guzzle/guzzle",
            "version": "dev-master",
            "source": {
                "type": "git",
                "url": "https://github.com/guzzle/guzzle3.git",
                "reference": "f7778ed85e3db90009d79725afd6c3a82dab32fe"
            },
            "dist": {
                "type": "zip",
                "url": "https://api.github.com/repos/guzzle/guzzle3/zipball/f7778ed85e3db90009d79725afd6c3a82dab32fe",
                "reference": "f7778ed85e3db90009d79725afd6c3a82dab32fe",
                "shasum": ""
            },
            "require": {
                "ext-curl": "*",
                "php": ">=5.3.3",
                "symfony/event-dispatcher": "~2.1"
            },
            "replace": {
                "guzzle/batch": "self.version",
                "guzzle/cache": "self.version",
                "guzzle/common": "self.version",
                "guzzle/http": "self.version",
                "guzzle/inflection": "self.version",
                "guzzle/iterator": "self.version",
                "guzzle/log": "self.version",
                "guzzle/parser": "self.version",
                "guzzle/plugin": "self.version",
                "guzzle/plugin-async": "self.version",
                "guzzle/plugin-backoff": "self.version",
                "guzzle/plugin-cache": "self.version",
                "guzzle/plugin-cookie": "self.version",
                "guzzle/plugin-curlauth": "self.version",
                "guzzle/plugin-error-response": "self.version",
                "guzzle/plugin-history": "self.version",
                "guzzle/plugin-log": "self.version",
                "guzzle/plugin-md5": "self.version",
                "guzzle/plugin-mock": "self.version",
                "guzzle/plugin-oauth": "self.version",
                "guzzle/service": "self.version",
                "guzzle/stream": "self.version"
            },
            "require-dev": {
                "doctrine/cache": "~1.3",
                "monolog/monolog": "~1.0",
                "phpunit/phpunit": "3.7.*",
                "psr/log": "~1.0",
                "symfony/class-loader": "~2.1",
                "zendframework/zend-cache": "2.*,<2.3",
                "zendframework/zend-log": "2.*,<2.3"
            },
            "suggest": {
                "guzzlehttp/guzzle": "Guzzle 5 has moved to a new package name. The package you have installed, Guzzle 3, is deprecated."
            },
            "type": "library",
            "extra": {
                "branch-alias": {
                    "dev-master": "3.9-dev"
                }
            },
            "autoload": {
                "psr-0": {
                    "Guzzle": "src/",
                    "Guzzle\\Tests": "tests/"
                }
            },
            "notification-url": "https://packagist.org/downloads/",
            "license": [
                "MIT"
            ],
            "authors": [
                {
                    "name": "Michael Dowling",
                    "email": "mtdowling@gmail.com",
                    "homepage": "https://github.com/mtdowling"
                },
                {
                    "name": "Guzzle Community",
                    "homepage": "https://github.com/guzzle/guzzle/contributors"
                }
            ],
            "description": "PHP HTTP client. This library is deprecated in favor of https://packagist.org/packages/guzzlehttp/guzzle",
            "homepage": "http://guzzlephp.org/",
            "keywords": [
                "client",
                "curl",
                "framework",
                "http",
                "http client",
                "rest",
                "web service"
            ],
            "abandoned": "guzzlehttp/guzzle",
            "time": "2016-10-26 18:22:07"
        },
        {
            "name": "js-phpize/js-phpize",
            "version": "1.x-dev",
            "source": {
                "type": "git",
                "url": "https://github.com/pug-php/js-phpize.git",
                "reference": "e91ef41e8780e0b6ef1f046d729efd348b62a9f1"
            },
            "dist": {
                "type": "zip",
                "url": "https://api.github.com/repos/pug-php/js-phpize/zipball/e91ef41e8780e0b6ef1f046d729efd348b62a9f1",
                "reference": "e91ef41e8780e0b6ef1f046d729efd348b62a9f1",
                "shasum": ""
            },
            "require": {
                "php": ">=5.3.0"
            },
            "require-dev": {
                "codeclimate/php-test-reporter": "dev-master",
                "phpunit/phpunit": ">=4.8"
            },
            "type": "library",
            "autoload": {
                "psr-0": {
                    "JsPhpize": "src/"
                }
            },
            "notification-url": "https://packagist.org/downloads/",
            "license": [
                "MIT"
            ],
            "authors": [
                {
                    "name": "Kyle Katarn",
                    "email": "kylekatarnls@gmail.com"
                }
            ],
            "description": "Convert js-like syntax to standalone PHP code.",
            "time": "2016-11-30 12:06:32"
        },
        {
            "name": "kylekatarnls/jade-php",
            "version": "2.5.1",
            "source": {
                "type": "git",
                "url": "https://github.com/kylekatarnls/jade-php.git",
                "reference": "634c7dd27113f3abf52e413936b3b2e21b0a156e"
            },
            "dist": {
                "type": "zip",
                "url": "https://api.github.com/repos/kylekatarnls/jade-php/zipball/634c7dd27113f3abf52e413936b3b2e21b0a156e",
                "reference": "634c7dd27113f3abf52e413936b3b2e21b0a156e",
                "shasum": ""
            },
            "require": {
                "js-phpize/js-phpize": "^1.2",
                "php": ">=5.3.0"
            },
            "replace": {
                "kylekatarnls/jade-php": "self.version"
            },
            "require-dev": {
                "codeclimate/php-test-reporter": "dev-master",
                "phpunit/phpunit": ">=4.0"
            },
            "type": "library",
            "autoload": {
                "psr-0": {
                    "Pug\\": "src/",
                    "Jade\\": "src/"
                }
            },
            "notification-url": "https://packagist.org/downloads/",
            "license": [
                "MIT"
            ],
            "authors": [
                {
                    "name": "Janez Troha",
                    "email": "janez.troha@gmail.com",
                    "homepage": "http://flavors.me/dz0ny",
                    "role": "Maintainer"
                },
                {
                    "name": "Luke GB",
                    "email": "git@lukegb.com",
                    "homepage": "http://twitter.com/lukegb",
                    "role": "Maintainer"
                },
                {
                    "name": "Ronan Tessier",
                    "email": "ronan.tessier@vaconsulting.lu",
                    "homepage": "http://github.com/ronan-gloo",
                    "role": "Maintainer"
                },
                {
                    "name": "kylekatarnls",
                    "email": "jade-php@selfbuild.fr",
                    "homepage": "http://github.com/kylekatarnls",
                    "role": "Developer"
                },
                {
                    "name": "volter9",
                    "homepage": "https://github.com/volter9",
                    "role": "Developer"
                },
                {
                    "name": "sisoftrg",
                    "homepage": "https://github.com/sisoftrg",
                    "role": "Developer"
                },
                {
                    "name": "hackaugusto",
                    "homepage": "https://github.com/hackaugusto",
                    "role": "Developer"
                },
                {
                    "name": "peniar",
                    "homepage": "https://github.com/peniar",
                    "role": "Developer"
                },
                {
                    "name": "NSinopoli",
                    "homepage": "https://github.com/NSinopoli",
                    "role": "Developer"
                },
                {
                    "name": "DJRanger",
                    "homepage": "https://github.com/DJRanger",
                    "role": "Contributor"
                },
                {
                    "name": "fcrosfly",
                    "homepage": "https://github.com/fcrosfly",
                    "role": "Contributor"
                },
                {
                    "name": "Soviut",
                    "homepage": "http://github.com/Soviut",
                    "role": "Contributor"
                },
                {
                    "name": "just-paja",
                    "homepage": "http://github.com/just-paja",
                    "role": "Contributor"
                },
                {
                    "name": "cjonasw",
                    "homepage": "http://github.com/cjonasw",
                    "role": "Contributor"
                },
                {
                    "name": "s4msung",
                    "homepage": "http://github.com/s4msung",
                    "role": "Contributor"
                },
                {
                    "name": "sadjow",
                    "homepage": "http://github.com/sadjow",
                    "role": "Contributor"
                },
                {
                    "name": "hkjels",
                    "homepage": "http://github.com/hkjels",
                    "role": "Contributor"
                },
                {
                    "name": "krizalys",
                    "homepage": "http://github.com/krizalys",
                    "role": "Contributor"
                },
                {
                    "name": "sszigeti",
                    "homepage": "http://github.com/sszigeti",
                    "role": "Contributor"
                },
                {
                    "name": "Konstantin Kudryashov",
                    "email": "konstantin.kudryashov@knplabs.com",
                    "homepage": "http://about.me/everzet",
                    "role": "Developer"
                },
                {
                    "name": "Marco \"Debo\" De Bortoli",
                    "homepage": "https://github.com/debo",
                    "role": "contributor"
                }
            ],
            "description": "HAML-like template engine for PHP 5.3",
            "homepage": "https://github.com/pug-php/pug",
            "keywords": [
                "jade",
                "minification",
                "pug",
                "template"
            ],
            "time": "2016-12-29 11:49:12"
        },
        {
            "name": "omnipay/common",
            "version": "2.5.x-dev",
            "source": {
                "type": "git",
                "url": "https://github.com/thephpleague/omnipay-common.git",
                "reference": "b1440bd7c0b4fb28ba8250d93695c61ac887685d"
            },
            "dist": {
                "type": "zip",
                "url": "https://api.github.com/repos/thephpleague/omnipay-common/zipball/b1440bd7c0b4fb28ba8250d93695c61ac887685d",
                "reference": "b1440bd7c0b4fb28ba8250d93695c61ac887685d",
                "shasum": ""
            },
            "require": {
                "guzzle/guzzle": "~3.9",
                "php": ">=5.3.2",
                "symfony/http-foundation": "~2.1|~3.0"
            },
            "require-dev": {
                "omnipay/tests": "~2.0",
                "squizlabs/php_codesniffer": "~1.5"
            },
            "type": "library",
            "extra": {
                "branch-alias": {
                    "dev-master": "2.5.x-dev"
                },
                "gateways": [
                    "AuthorizeNet_AIM",
                    "AuthorizeNet_SIM",
                    "Buckaroo_CreditCard",
                    "Buckaroo_Ideal",
                    "Buckaroo_PayPal",
                    "CardSave",
                    "Coinbase",
                    "Dummy",
                    "Eway_Rapid",
                    "FirstData_Connect",
                    "GoCardless",
                    "Manual",
                    "Migs_ThreeParty",
                    "Migs_TwoParty",
                    "Mollie",
                    "MultiSafepay",
                    "Netaxept",
                    "NetBanx",
                    "PayFast",
                    "Payflow_Pro",
                    "PaymentExpress_PxPay",
                    "PaymentExpress_PxPost",
                    "PayPal_Express",
                    "PayPal_Pro",
                    "Pin",
                    "SagePay_Direct",
                    "SagePay_Server",
                    "SecurePay_DirectPost",
                    "Stripe",
                    "TargetPay_Directebanking",
                    "TargetPay_Ideal",
                    "TargetPay_Mrcash",
                    "WorldPay"
                ]
            },
            "autoload": {
                "psr-0": {
                    "Omnipay\\Common\\": "src/"
                },
                "classmap": [
                    "src/Omnipay/Omnipay.php"
                ]
            },
            "notification-url": "https://packagist.org/downloads/",
            "license": [
                "MIT"
            ],
            "authors": [
                {
                    "name": "Adrian Macneil",
                    "email": "adrian@adrianmacneil.com"
                },
                {
                    "name": "Omnipay Contributors",
                    "homepage": "https://github.com/thephpleague/omnipay-common/contributors"
                }
            ],
            "description": "Common components for Omnipay payment processing library",
            "homepage": "https://github.com/thephpleague/omnipay-common",
            "keywords": [
                "gateway",
                "merchant",
                "omnipay",
                "pay",
                "payment",
                "purchase"
            ],
            "time": "2017-01-08 16:58:11"
        },
        {
            "name": "omnipay/paypal",
            "version": "v2.6.3",
            "source": {
                "type": "git",
                "url": "https://github.com/thephpleague/omnipay-paypal.git",
                "reference": "e06c8814deacc793715bb9fd3fcae5995b5d8d6b"
            },
            "dist": {
                "type": "zip",
                "url": "https://api.github.com/repos/thephpleague/omnipay-paypal/zipball/e06c8814deacc793715bb9fd3fcae5995b5d8d6b",
                "reference": "e06c8814deacc793715bb9fd3fcae5995b5d8d6b",
                "shasum": ""
            },
            "require": {
                "omnipay/common": "~2.0"
            },
            "require-dev": {
                "omnipay/tests": "~2.0"
            },
            "type": "library",
            "extra": {
                "branch-alias": {
                    "dev-master": "2.3.x-dev"
                }
            },
            "autoload": {
                "psr-4": {
                    "Omnipay\\PayPal\\": "src/"
                }
            },
            "notification-url": "https://packagist.org/downloads/",
            "license": [
                "MIT"
            ],
            "authors": [
                {
                    "name": "Adrian Macneil",
                    "email": "adrian@adrianmacneil.com"
                },
                {
                    "name": "Omnipay Contributors",
                    "homepage": "https://github.com/thephpleague/omnipay-paypal/contributors"
                }
            ],
            "description": "PayPal gateway for Omnipay payment processing library",
            "homepage": "https://github.com/thephpleague/omnipay-paypal",
            "keywords": [
                "gateway",
                "merchant",
                "omnipay",
                "pay",
                "payment",
                "paypal",
                "purchase"
            ],
            "time": "2016-12-22 12:35:25"
        },
        {
            "name": "paypal/rest-api-sdk-php",
            "version": "dev-master",
            "source": {
                "type": "git",
                "url": "https://github.com/paypal/PayPal-PHP-SDK.git",
                "reference": "740ebb0c9d971a571b9d4ad1c81ee6564711e2bb"
            },
            "dist": {
                "type": "zip",
                "url": "https://api.github.com/repos/paypal/PayPal-PHP-SDK/zipball/740ebb0c9d971a571b9d4ad1c81ee6564711e2bb",
                "reference": "740ebb0c9d971a571b9d4ad1c81ee6564711e2bb",
                "shasum": ""
            },
            "require": {
                "ext-curl": "*",
                "ext-json": "*",
                "php": ">=5.3.0",
                "psr/log": "^1.0.0"
            },
            "require-dev": {
                "phpunit/phpunit": "3.7.*"
            },
            "type": "library",
            "autoload": {
                "psr-0": {
                    "PayPal": "lib/"
                }
            },
            "notification-url": "https://packagist.org/downloads/",
            "license": [
                "Apache-2.0"
            ],
            "authors": [
                {
                    "name": "PayPal",
                    "homepage": "https://github.com/paypal/rest-api-sdk-php/contributors"
                }
            ],
            "description": "PayPal's PHP SDK for REST APIs",
            "homepage": "http://paypal.github.io/PayPal-PHP-SDK/",
            "keywords": [
                "payments",
                "paypal",
                "rest",
                "sdk"
            ],
            "time": "2017-03-30 19:21:30"
        },
        {
            "name": "psr/log",
            "version": "dev-master",
            "source": {
                "type": "git",
                "url": "https://github.com/php-fig/log.git",
                "reference": "4ebe3a8bf773a19edfe0a84b6585ba3d401b724d"
            },
            "dist": {
                "type": "zip",
                "url": "https://api.github.com/repos/php-fig/log/zipball/4ebe3a8bf773a19edfe0a84b6585ba3d401b724d",
                "reference": "4ebe3a8bf773a19edfe0a84b6585ba3d401b724d",
                "shasum": ""
            },
            "require": {
                "php": ">=5.3.0"
            },
            "type": "library",
            "extra": {
                "branch-alias": {
                    "dev-master": "1.0.x-dev"
                }
            },
            "autoload": {
                "psr-4": {
                    "Psr\\Log\\": "Psr/Log/"
                }
            },
            "notification-url": "https://packagist.org/downloads/",
            "license": [
                "MIT"
            ],
            "authors": [
                {
                    "name": "PHP-FIG",
                    "homepage": "http://www.php-fig.org/"
                }
            ],
            "description": "Common interface for logging libraries",
            "homepage": "https://github.com/php-fig/log",
            "keywords": [
                "log",
                "psr",
                "psr-3"
            ],
            "time": "2016-10-10 12:19:37"
        },
        {
            "name": "symfony/event-dispatcher",
            "version": "2.8.x-dev",
            "source": {
                "type": "git",
                "url": "https://github.com/symfony/event-dispatcher.git",
                "reference": "d7ecd7359bbf4f469f24df923a62e0763c0671f1"
            },
            "dist": {
                "type": "zip",
                "url": "https://api.github.com/repos/symfony/event-dispatcher/zipball/d7ecd7359bbf4f469f24df923a62e0763c0671f1",
                "reference": "d7ecd7359bbf4f469f24df923a62e0763c0671f1",
                "shasum": ""
            },
            "require": {
                "php": ">=5.3.9"
            },
            "require-dev": {
                "psr/log": "~1.0",
                "symfony/config": "^2.0.5|~3.0.0",
                "symfony/dependency-injection": "~2.6|~3.0.0",
                "symfony/expression-language": "~2.6|~3.0.0",
                "symfony/stopwatch": "~2.3|~3.0.0"
            },
            "suggest": {
                "symfony/dependency-injection": "",
                "symfony/http-kernel": ""
            },
            "type": "library",
            "extra": {
                "branch-alias": {
                    "dev-master": "2.8-dev"
                }
            },
            "autoload": {
                "psr-4": {
                    "Symfony\\Component\\EventDispatcher\\": ""
                },
                "exclude-from-classmap": [
                    "/Tests/"
                ]
            },
            "notification-url": "https://packagist.org/downloads/",
            "license": [
                "MIT"
            ],
            "authors": [
                {
                    "name": "Fabien Potencier",
                    "email": "fabien@symfony.com"
                },
                {
                    "name": "Symfony Community",
                    "homepage": "https://symfony.com/contributors"
                }
            ],
            "description": "Symfony EventDispatcher Component",
            "homepage": "https://symfony.com",
            "time": "2017-04-12 14:07:15"
        },
        {
            "name": "symfony/http-foundation",
            "version": "dev-master",
            "source": {
                "type": "git",
                "url": "https://github.com/symfony/http-foundation.git",
                "reference": "ac01fbe29619f5efecb08fa4731ceae33f093ede"
            },
            "dist": {
                "type": "zip",
                "url": "https://api.github.com/repos/symfony/http-foundation/zipball/ac01fbe29619f5efecb08fa4731ceae33f093ede",
                "reference": "ac01fbe29619f5efecb08fa4731ceae33f093ede",
                "shasum": ""
            },
            "require": {
                "php": ">=5.5.9",
                "symfony/polyfill-mbstring": "~1.1"
            },
            "require-dev": {
                "symfony/expression-language": "~2.8|~3.0"
            },
            "type": "library",
            "extra": {
                "branch-alias": {
                    "dev-master": "3.3-dev"
                }
            },
            "autoload": {
                "psr-4": {
                    "Symfony\\Component\\HttpFoundation\\": ""
                },
                "exclude-from-classmap": [
                    "/Tests/"
                ]
            },
            "notification-url": "https://packagist.org/downloads/",
            "license": [
                "MIT"
            ],
            "authors": [
                {
                    "name": "Fabien Potencier",
                    "email": "fabien@symfony.com"
                },
                {
                    "name": "Symfony Community",
                    "homepage": "https://symfony.com/contributors"
                }
            ],
            "description": "Symfony HttpFoundation Component",
            "homepage": "https://symfony.com",
            "time": "2017-04-12 14:14:56"
        },
        {
            "name": "symfony/polyfill-mbstring",
            "version": "dev-master",
            "source": {
                "type": "git",
                "url": "https://github.com/symfony/polyfill-mbstring.git",
                "reference": "e79d363049d1c2128f133a2667e4f4190904f7f4"
            },
            "dist": {
                "type": "zip",
                "url": "https://api.github.com/repos/symfony/polyfill-mbstring/zipball/e79d363049d1c2128f133a2667e4f4190904f7f4",
                "reference": "e79d363049d1c2128f133a2667e4f4190904f7f4",
                "shasum": ""
            },
            "require": {
                "php": ">=5.3.3"
            },
            "suggest": {
                "ext-mbstring": "For best performance"
            },
            "type": "library",
            "extra": {
                "branch-alias": {
                    "dev-master": "1.3-dev"
                }
            },
            "autoload": {
                "psr-4": {
                    "Symfony\\Polyfill\\Mbstring\\": ""
                },
                "files": [
                    "bootstrap.php"
                ]
            },
            "notification-url": "https://packagist.org/downloads/",
            "license": [
                "MIT"
            ],
            "authors": [
                {
                    "name": "Nicolas Grekas",
                    "email": "p@tchwork.com"
                },
                {
                    "name": "Symfony Community",
                    "homepage": "https://symfony.com/contributors"
                }
            ],
            "description": "Symfony polyfill for the Mbstring extension",
            "homepage": "https://symfony.com",
            "keywords": [
                "compatibility",
                "mbstring",
                "polyfill",
                "portable",
                "shim"
            ],
            "time": "2016-11-14 01:06:16"
        }
    ],
    "packages-dev": [],
    "aliases": [],
    "minimum-stability": "dev",
    "stability-flags": [],
    "prefer-stable": false,
    "prefer-lowest": false,
    "platform": [],
    "platform-dev": []
}
